
Microsoft Visual Studio Solution File, Format Version 12.00
# Visual Studio 15
VisualStudioVersion = 15.0.28307.572
MinimumVisualStudioVersion = 10.0.40219.1
Project("{FAE04EC0-301F-11D3-BF4B-00C04F79EFBC}") = "ClothBazaar.Web", "ClothBazaar.Web\ClothBazaar.Web.csproj", "{A0CEE0C9-345B-4DC2-8BFB-F5FA3C93F009}"
EndProject
Project("{FAE04EC0-301F-11D3-BF4B-00C04F79EFBC}") = "ClothBazaar.Data", "ClothBazaar.Data\ClothBazaar.Data.csproj", "{B5B56BE5-A86D-4F3B-A7A2-3B7BC6D9CCA7}"
EndProject
Project("{FAE04EC0-301F-11D3-BF4B-00C04F79EFBC}") = "ClothBazaar.Services", "ClothBazaar.Services\ClothBazaar.Services.csproj", "{AEFD72DD-88D5-47CD-A8D9-1EAE05F06F3A}"
EndProject
Project("{FAE04EC0-301F-11D3-BF4B-00C04F79EFBC}") = "ClothBazaar.Entity", "ClothBazaar.Entity\ClothBazaar.Entity.csproj", "{84FE9B12-D14F-4853-93FC-DCCC99DFBF93}"
EndProject
Global
	GlobalSection(SolutionConfigurationPlatforms) = preSolution
		Debug|Any CPU = Debug|Any CPU
		Release|Any CPU = Release|Any CPU
	EndGlobalSection
	GlobalSection(ProjectConfigurationPlatforms) = postSolution
		{A0CEE0C9-345B-4DC2-8BFB-F5FA3C93F009}.Debug|Any CPU.ActiveCfg = Debug|Any CPU
		{A0CEE0C9-345B-4DC2-8BFB-F5FA3C93F009}.Debug|Any CPU.Build.0 = Debug|Any CPU
		{A0CEE0C9-345B-4DC2-8BFB-F5FA3C93F009}.Release|Any CPU.ActiveCfg = Release|Any CPU
		{A0CEE0C9-345B-4DC2-8BFB-F5FA3C93F009}.Release|Any CPU.Build.0 = Release|Any CPU
		{B5B56BE5-A86D-4F3B-A7A2-3B7BC6D9CCA7}.Debug|Any CPU.ActiveCfg = Debug|Any CPU
		{B5B56BE5-A86D-4F3B-A7A2-3B7BC6D9CCA7}.Debug|Any CPU.Build.0 = Debug|Any CPU
		{B5B56BE5-A86D-4F3B-A7A2-3B7BC6D9CCA7}.Release|Any CPU.ActiveCfg = Release|Any CPU
		{B5B56BE5-A86D-4F3B-A7A2-3B7BC6D9CCA7}.Release|Any CPU.Build.0 = Release|Any CPU
		{AEFD72DD-88D5-47CD-A8D9-1EAE05F06F3A}.Debug|Any CPU.ActiveCfg = Debug|Any CPU
		{AEFD72DD-88D5-47CD-A8D9-1EAE05F06F3A}.Debug|Any CPU.Build.0 = Debug|Any CPU
		{AEFD72DD-88D5-47CD-A8D9-1EAE05F06F3A}.Release|Any CPU.ActiveCfg = Release|Any CPU
		{AEFD72DD-88D5-47CD-A8D9-1EAE05F06F3A}.Release|Any CPU.Build.0 = Release|Any CPU
		{84FE9B12-D14F-4853-93FC-DCCC99DFBF93}.Debug|Any CPU.ActiveCfg = Debug|Any CPU
		{84FE9B12-D14F-4853-93FC-DCCC99DFBF93}.Debug|Any CPU.Build.0 = Debug|Any CPU
		{84FE9B12-D14F-4853-93FC-DCCC99DFBF93}.Release|Any CPU.ActiveCfg = Release|Any CPU
		{84FE9B12-D14F-4853-93FC-DCCC99DFBF93}.Release|Any CPU.Build.0 = Release|Any CPU
	EndGlobalSection
	GlobalSection(SolutionProperties) = preSolution
		HideSolutionNode = FALSE
	EndGlobalSection
	GlobalSection(ExtensibilityGlobals) = postSolution
		SolutionGuid = {30D7E089-C866-4E6A-85F4-8CFD95A141DB}
	EndGlobalSection
EndGlobal
